ariga.io/atlas v0.9.1-0.20230212142236-47ec3817e19f h1:m1qkdlpykdsyOT1MDi+x/j5bCP9CFySWFmQmKcrtUQE=
ariga.io/entviz v0.0.0-20230125130633-6c9be8e08c7c h1:7FbOjKKWKqD7FZXQq3qWcRlvGFO1LGYvVZIWQ2D9Evs=
ariga.io/entviz v0.0.0-20230125130633-6c9be8e08c7c/go.mod h1:wArXZPqbbWBcOmkqwmIF6hIcW+3T1NLDde0iRhW6an8=
entgo.io/ent v0.11.9-0.20230225191017-9020d2b961e7 h1:GLXP1LYvkZFegM7pnDbJ5kyjlLAFeG1wBTxcK6s2y8M=
entgo.io/ent v0.11.9-0.20230225191017-9020d2b961e7/go.mod h1:EidIZmd4ZKQdnI37qwFrKYdz8Ez6n7Fu8TLrlA9FflE=
github.com/Khan/genqlient v0.5.0 h1:TMZJ+tl/BpbmGyIBiXzKzUftDhw4ZWxQZ+1ydn0gyII=
github.com/agext/levenshtein v1.2.1 h1:QmvMAjj2aEICytGiWzmxoE0x2KZvE0fvmqMOfy2tjT8=
github.com/apparentlymart/go-textseg/v13 v13.0.0 h1:Y+KvPE1NYz0xl601PVImeQfFyEy6iT90AvPUL1NNfNw=
github.com/go-openapi/inflect v0.19.0 h1:9jCH9scKIbHeV9m12SmPilScz6krDxKRasNNSNPXu/4=
github.com/go-sql-driver/mysql v1.7.0 h1:ueSltNNllEqE3qcWBTD0iQd3IpL/6U+mJxLkazJ7YPc=
github.com/google/go-cmp v0.5.6 h1:BKbKCqvP6I+rmFHt06ZmyQtvB8xAkWdhFyr0ZUNZcxQ=
github.com/google/uuid v1.3.0 h1:t6JiXgmwXMjEs8VusXIJk2BXHsn+wx8BZdTaoZ5fu7I=
github.com/hashicorp/hcl/v2 v2.13.0 h1:0Apadu1w6M11dyGFxWnmhhcMjkbAiKCv7G1r/2QgCNc=
github.com/lib/pq v1.10.7 h1:p7ZhMD+KsSRozJr34udlUrhboJwWAgCg34+/ZZNvZZw=
github.com/mattn/go-runewidth v0.0.9 h1:Lm995f3rfxdpd6TSmuVCHVb/QhupuXlYr8sCI/QdE+0=
github.com/mattn/go-sqlite3 v1.14.16 h1:yOQRA0RpS5PFz/oikGwBEqvAWhWg5ufRz4ETLjwpU1Y=
github.com/mitchellh/go-wordwrap v0.0.0-20150314170334-ad45545899c7 h1:DpOJ2HYzCv8LZP15IdmG+YdwD2luVPHITV96TkirNBM=
github.com/olekukonko/tablewriter v0.0.5 h1:P2Ga83D34wi1o9J6Wh1mRuqd4mF/x/lgBS7N7AbDhec=
github.com/spf13/cobra v1.6.1 h1:o94oiPyS4KD1mPy2fmcYYHHfCxLqYjJOhGsCHFZtEzA=
github.com/spf13/pflag v1.0.5 h1:iy+VFUOCP1a+8yFto/drg2CJ5u0yRoB7fZw3DKv/JXA=
github.com/vektah/gqlparser/v2 v2.4.5 h1:C02NsyEsL4TXJB7ndonqTfuQOL4XPIu0aAWugdmTgmc=
github.com/zclconf/go-cty v1.8.0 h1:s4AvqaeQzJIu3ndv4gVIhplVD0krU+bgrcLSVUnaWuA=
golang.org/x/mod v0.8.0 h1:LUYupSeNrTNCGzR/hVBk2NHZO4hXcVaW1k4Qx7rjPx8=
golang.org/x/sys v0.5.0 h1:MUK/U/4lj1t1oPg0HfuXDN/Z1wv31ZJ/YcPiGccS4DU=
golang.org/x/text v0.3.8 h1:nAL+RVCQ9uMn3vJZbV+MRnydTJFPf8qqY42YiA6MrqY=
golang.org/x/tools v0.6.1-0.20230222164832-25d2519c8696 h1:8985/C5IvACpd9DDXckSnjSBLKDgbxXiyODgi94zOPM=
